
Microsoft Visual Studio Solution File, Format Version 12.00

Project("{2150E333-8FDC-42A3-9474-1A3956D46DE8}") = "metadata", ".\", "{F1A57014-71CE-4032-A652-01B7E35E14DB}"
	ProjectSection(SolutionItems) = preProject
		.gitignore = .gitignore
		README.md = README.md
		stylecop.json = stylecop.json
		stylecop.ruleset = stylecop.ruleset
		Directory.Build.props = Directory.Build.props
	EndProjectSection
EndProject

Project("{FAE04EC0-301F-11D3-BF4B-00C04F79EFBC}") = "Remora.Discord", "Remora.Discord\Remora.Discord.csproj", "{B8FA3A48-AE81-4B84-97C6-2527CA5C4205}"
EndProject
Project("{2150E333-8FDC-42A3-9474-1A3956D46DE8}") = "Backend", "Backend", "{26E93608-29BA-45C7-993A-AA24A49D6013}"
EndProject
Project("{FAE04EC0-301F-11D3-BF4B-00C04F79EFBC}") = "Remora.Discord.Core", "Backend\Remora.Discord\Remora.Discord.Core\Remora.Discord.Core.csproj", "{DC82899D-871E-4DC9-B61C-7619111800DE}"
EndProject
Global
	GlobalSection(SolutionConfigurationPlatforms) = preSolution
		Debug|Any CPU = Debug|Any CPU
		Release|Any CPU = Release|Any CPU
	EndGlobalSection
	GlobalSection(ProjectConfigurationPlatforms) = postSolution
		{B8FA3A48-AE81-4B84-97C6-2527CA5C4205}.Debug|Any CPU.ActiveCfg = Debug|Any CPU
		{B8FA3A48-AE81-4B84-97C6-2527CA5C4205}.Debug|Any CPU.Build.0 = Debug|Any CPU
		{B8FA3A48-AE81-4B84-97C6-2527CA5C4205}.Release|Any CPU.ActiveCfg = Release|Any CPU
		{B8FA3A48-AE81-4B84-97C6-2527CA5C4205}.Release|Any CPU.Build.0 = Release|Any CPU
		{DC82899D-871E-4DC9-B61C-7619111800DE}.Debug|Any CPU.ActiveCfg = Debug|Any CPU
		{DC82899D-871E-4DC9-B61C-7619111800DE}.Debug|Any CPU.Build.0 = Debug|Any CPU
		{DC82899D-871E-4DC9-B61C-7619111800DE}.Release|Any CPU.ActiveCfg = Release|Any CPU
		{DC82899D-871E-4DC9-B61C-7619111800DE}.Release|Any CPU.Build.0 = Release|Any CPU
	EndGlobalSection
	GlobalSection(NestedProjects) = preSolution
		{DC82899D-871E-4DC9-B61C-7619111800DE} = {26E93608-29BA-45C7-993A-AA24A49D6013}
	EndGlobalSection
EndGlobal
