
Microsoft Visual Studio Solution File, Format Version 12.00

Project("{2150E333-8FDC-42A3-9474-1A3956D46DE8}") = "metadata", ".\", "{F1A57014-71CE-4032-A652-01B7E35E14DB}"
	ProjectSection(SolutionItems) = preProject
		.gitignore = .gitignore
		README.md = README.md
		stylecop.json = stylecop.json
		stylecop.ruleset = stylecop.ruleset
		Directory.Build.props = Directory.Build.props
	EndProjectSection
EndProject

Project("{FAE04EC0-301F-11D3-BF4B-00C04F79EFBC}") = "Remora.Discord", "Remora.Discord\Remora.Discord.csproj", "{B8FA3A48-AE81-4B84-97C6-2527CA5C4205}"
EndProject
Project("{2150E333-8FDC-42A3-9474-1A3956D46DE8}") = "Backend", "Backend", "{26E93608-29BA-45C7-993A-AA24A49D6013}"
EndProject
Project("{FAE04EC0-301F-11D3-BF4B-00C04F79EFBC}") = "Remora.Discord.Core", "Backend\Remora.Discord\Remora.Discord.Core\Remora.Discord.Core.csproj", "{DC82899D-871E-4DC9-B61C-7619111800DE}"
EndProject
Project("{FAE04EC0-301F-11D3-BF4B-00C04F79EFBC}") = "Remora.Discord.Gateway", "Backend\Remora.Discord.Gateway\Remora.Discord.Gateway.csproj", "{DBCF23B4-9375-4ECF-AFCF-6E5AFCEF0748}"
EndProject
Project("{2150E333-8FDC-42A3-9474-1A3956D46DE8}") = "Tests", "Tests", "{6E2D59EB-648D-4968-8A63-8D8E3813EC86}"
EndProject
Project("{FAE04EC0-301F-11D3-BF4B-00C04F79EFBC}") = "Remora.Discord.Gateway.Tests", "Tests\Remora.Discord.Gateway.Tests\Remora.Discord.Gateway.Tests.csproj", "{6BE67D97-794D-4E32-B58A-18755F5C4E38}"
EndProject
Project("{FAE04EC0-301F-11D3-BF4B-00C04F79EFBC}") = "Remora.Discord.API.Abstractions", "Backend\Remora.Discord.API.Abstractions\Remora.Discord.API.Abstractions.csproj", "{B3AEB4DB-6245-4D03-8D5F-3B835D432448}"
EndProject
Project("{FAE04EC0-301F-11D3-BF4B-00C04F79EFBC}") = "Remora.Discord.Rest", "Backend\Remora.Discord.Rest\Remora.Discord.Rest.csproj", "{4C56EFE8-1CB5-4CFA-9F05-8ABAF84D8006}"
EndProject
Project("{FAE04EC0-301F-11D3-BF4B-00C04F79EFBC}") = "Remora.Discord.Rest.Tests", "Tests\Remora.Discord.Rest.Tests\Remora.Discord.Rest.Tests.csproj", "{264E2B09-C483-43C1-8CF0-593DC78E7D84}"
EndProject
Project("{FAE04EC0-301F-11D3-BF4B-00C04F79EFBC}") = "Remora.Discord.API", "Backend\Remora.Discord.API\Remora.Discord.API.csproj", "{BECC5850-8DA7-42B7-9F02-F3DF1CF31791}"
EndProject
Project("{FAE04EC0-301F-11D3-BF4B-00C04F79EFBC}") = "Remora.Discord.Tests", "Tests\Remora.Discord.Tests\Remora.Discord.Tests.csproj", "{2BFF39E1-7B69-4601-BE2B-1F61A1B3598D}"
EndProject
Global
	GlobalSection(SolutionConfigurationPlatforms) = preSolution
		Debug|Any CPU = Debug|Any CPU
		Release|Any CPU = Release|Any CPU
	EndGlobalSection
	GlobalSection(ProjectConfigurationPlatforms) = postSolution
		{B8FA3A48-AE81-4B84-97C6-2527CA5C4205}.Debug|Any CPU.ActiveCfg = Debug|Any CPU
		{B8FA3A48-AE81-4B84-97C6-2527CA5C4205}.Debug|Any CPU.Build.0 = Debug|Any CPU
		{B8FA3A48-AE81-4B84-97C6-2527CA5C4205}.Release|Any CPU.ActiveCfg = Release|Any CPU
		{B8FA3A48-AE81-4B84-97C6-2527CA5C4205}.Release|Any CPU.Build.0 = Release|Any CPU
		{DC82899D-871E-4DC9-B61C-7619111800DE}.Debug|Any CPU.ActiveCfg = Debug|Any CPU
		{DC82899D-871E-4DC9-B61C-7619111800DE}.Debug|Any CPU.Build.0 = Debug|Any CPU
		{DC82899D-871E-4DC9-B61C-7619111800DE}.Release|Any CPU.ActiveCfg = Release|Any CPU
		{DC82899D-871E-4DC9-B61C-7619111800DE}.Release|Any CPU.Build.0 = Release|Any CPU
		{DBCF23B4-9375-4ECF-AFCF-6E5AFCEF0748}.Debug|Any CPU.ActiveCfg = Debug|Any CPU
		{DBCF23B4-9375-4ECF-AFCF-6E5AFCEF0748}.Debug|Any CPU.Build.0 = Debug|Any CPU
		{DBCF23B4-9375-4ECF-AFCF-6E5AFCEF0748}.Release|Any CPU.ActiveCfg = Release|Any CPU
		{DBCF23B4-9375-4ECF-AFCF-6E5AFCEF0748}.Release|Any CPU.Build.0 = Release|Any CPU
		{6BE67D97-794D-4E32-B58A-18755F5C4E38}.Debug|Any CPU.ActiveCfg = Debug|Any CPU
		{6BE67D97-794D-4E32-B58A-18755F5C4E38}.Debug|Any CPU.Build.0 = Debug|Any CPU
		{6BE67D97-794D-4E32-B58A-18755F5C4E38}.Release|Any CPU.ActiveCfg = Release|Any CPU
		{6BE67D97-794D-4E32-B58A-18755F5C4E38}.Release|Any CPU.Build.0 = Release|Any CPU
		{B3AEB4DB-6245-4D03-8D5F-3B835D432448}.Debug|Any CPU.ActiveCfg = Debug|Any CPU
		{B3AEB4DB-6245-4D03-8D5F-3B835D432448}.Debug|Any CPU.Build.0 = Debug|Any CPU
		{B3AEB4DB-6245-4D03-8D5F-3B835D432448}.Release|Any CPU.ActiveCfg = Release|Any CPU
		{B3AEB4DB-6245-4D03-8D5F-3B835D432448}.Release|Any CPU.Build.0 = Release|Any CPU
		{4C56EFE8-1CB5-4CFA-9F05-8ABAF84D8006}.Debug|Any CPU.ActiveCfg = Debug|Any CPU
		{4C56EFE8-1CB5-4CFA-9F05-8ABAF84D8006}.Debug|Any CPU.Build.0 = Debug|Any CPU
		{4C56EFE8-1CB5-4CFA-9F05-8ABAF84D8006}.Release|Any CPU.ActiveCfg = Release|Any CPU
		{4C56EFE8-1CB5-4CFA-9F05-8ABAF84D8006}.Release|Any CPU.Build.0 = Release|Any CPU
		{264E2B09-C483-43C1-8CF0-593DC78E7D84}.Debug|Any CPU.ActiveCfg = Debug|Any CPU
		{264E2B09-C483-43C1-8CF0-593DC78E7D84}.Debug|Any CPU.Build.0 = Debug|Any CPU
		{264E2B09-C483-43C1-8CF0-593DC78E7D84}.Release|Any CPU.ActiveCfg = Release|Any CPU
		{264E2B09-C483-43C1-8CF0-593DC78E7D84}.Release|Any CPU.Build.0 = Release|Any CPU
		{BECC5850-8DA7-42B7-9F02-F3DF1CF31791}.Debug|Any CPU.ActiveCfg = Debug|Any CPU
		{BECC5850-8DA7-42B7-9F02-F3DF1CF31791}.Debug|Any CPU.Build.0 = Debug|Any CPU
		{BECC5850-8DA7-42B7-9F02-F3DF1CF31791}.Release|Any CPU.ActiveCfg = Release|Any CPU
		{BECC5850-8DA7-42B7-9F02-F3DF1CF31791}.Release|Any CPU.Build.0 = Release|Any CPU
		{2BFF39E1-7B69-4601-BE2B-1F61A1B3598D}.Debug|Any CPU.ActiveCfg = Debug|Any CPU
		{2BFF39E1-7B69-4601-BE2B-1F61A1B3598D}.Debug|Any CPU.Build.0 = Debug|Any CPU
		{2BFF39E1-7B69-4601-BE2B-1F61A1B3598D}.Release|Any CPU.ActiveCfg = Release|Any CPU
		{2BFF39E1-7B69-4601-BE2B-1F61A1B3598D}.Release|Any CPU.Build.0 = Release|Any CPU
	EndGlobalSection
	GlobalSection(NestedProjects) = preSolution
		{DC82899D-871E-4DC9-B61C-7619111800DE} = {26E93608-29BA-45C7-993A-AA24A49D6013}
		{DBCF23B4-9375-4ECF-AFCF-6E5AFCEF0748} = {26E93608-29BA-45C7-993A-AA24A49D6013}
		{6BE67D97-794D-4E32-B58A-18755F5C4E38} = {6E2D59EB-648D-4968-8A63-8D8E3813EC86}
		{B3AEB4DB-6245-4D03-8D5F-3B835D432448} = {26E93608-29BA-45C7-993A-AA24A49D6013}
		{4C56EFE8-1CB5-4CFA-9F05-8ABAF84D8006} = {26E93608-29BA-45C7-993A-AA24A49D6013}
		{264E2B09-C483-43C1-8CF0-593DC78E7D84} = {6E2D59EB-648D-4968-8A63-8D8E3813EC86}
		{BECC5850-8DA7-42B7-9F02-F3DF1CF31791} = {26E93608-29BA-45C7-993A-AA24A49D6013}
		{2BFF39E1-7B69-4601-BE2B-1F61A1B3598D} = {6E2D59EB-648D-4968-8A63-8D8E3813EC86}
	EndGlobalSection
EndGlobal
