
Microsoft Visual Studio Solution File, Format Version 12.00
# Visual Studio Version 17
VisualStudioVersion = 17.0.31912.275
MinimumVisualStudioVersion = 10.0.40219.1
Project("{2150E333-8FDC-42A3-9474-1A3956D46DE8}") = "metadata", "metadata", "{F1A57014-71CE-4032-A652-01B7E35E14DB}"
	ProjectSection(SolutionItems) = preProject
		.gitignore = .gitignore
		Directory.Build.props = Directory.Build.props
		README.md = README.md
	EndProjectSection
EndProject
Project("{9A19103F-16F7-4668-BE54-9A1E7A4F7556}") = "Remora.Discord", "Remora.Discord\Remora.Discord.csproj", "{B8FA3A48-AE81-4B84-97C6-2527CA5C4205}"
EndProject
Project("{2150E333-8FDC-42A3-9474-1A3956D46DE8}") = "Backend", "Backend", "{26E93608-29BA-45C7-993A-AA24A49D6013}"
EndProject
Project("{9A19103F-16F7-4668-BE54-9A1E7A4F7556}") = "Remora.Discord.Gateway", "Backend\Remora.Discord.Gateway\Remora.Discord.Gateway.csproj", "{DBCF23B4-9375-4ECF-AFCF-6E5AFCEF0748}"
EndProject
Project("{2150E333-8FDC-42A3-9474-1A3956D46DE8}") = "Tests", "Tests", "{6E2D59EB-648D-4968-8A63-8D8E3813EC86}"
EndProject
Project("{9A19103F-16F7-4668-BE54-9A1E7A4F7556}") = "Remora.Discord.API.Tests", "Tests\Remora.Discord.API.Tests\Remora.Discord.API.Tests.csproj", "{6BE67D97-794D-4E32-B58A-18755F5C4E38}"
EndProject
Project("{9A19103F-16F7-4668-BE54-9A1E7A4F7556}") = "Remora.Discord.API.Abstractions", "Backend\Remora.Discord.API.Abstractions\Remora.Discord.API.Abstractions.csproj", "{B3AEB4DB-6245-4D03-8D5F-3B835D432448}"
EndProject
Project("{9A19103F-16F7-4668-BE54-9A1E7A4F7556}") = "Remora.Discord.Rest", "Backend\Remora.Discord.Rest\Remora.Discord.Rest.csproj", "{4C56EFE8-1CB5-4CFA-9F05-8ABAF84D8006}"
EndProject
Project("{9A19103F-16F7-4668-BE54-9A1E7A4F7556}") = "Remora.Discord.API", "Backend\Remora.Discord.API\Remora.Discord.API.csproj", "{BECC5850-8DA7-42B7-9F02-F3DF1CF31791}"
EndProject
Project("{9A19103F-16F7-4668-BE54-9A1E7A4F7556}") = "Remora.Discord.Tests", "Tests\Remora.Discord.Tests\Remora.Discord.Tests.csproj", "{2BFF39E1-7B69-4601-BE2B-1F61A1B3598D}"
EndProject
Project("{2150E333-8FDC-42A3-9474-1A3956D46DE8}") = "Samples", "Samples", "{D1A34922-E02F-492B-AEF5-9B34E81CE293}"
	ProjectSection(SolutionItems) = preProject
		Samples\Directory.Build.props = Samples\Directory.Build.props
	EndProjectSection
EndProject
Project("{9A19103F-16F7-4668-BE54-9A1E7A4F7556}") = "UnknownEventLogger", "Samples\UnknownEventLogger\UnknownEventLogger.csproj", "{ED960998-F9BD-4250-A40F-9B968DD499C0}"
EndProject
Project("{2150E333-8FDC-42A3-9474-1A3956D46DE8}") = ".github", ".github", "{A603F82C-7B4C-4583-A101-77E126B04874}"
	ProjectSection(SolutionItems) = preProject
		.github\CONTRIBUTING.md = .github\CONTRIBUTING.md
	EndProjectSection
EndProject
Project("{9A19103F-16F7-4668-BE54-9A1E7A4F7556}") = "Remora.Discord.Rest.Tests", "Tests\Remora.Discord.Rest.Tests\Remora.Discord.Rest.Tests.csproj", "{ED3F243E-F8C4-4C23-A12A-627280A08502}"
EndProject
Project("{9A19103F-16F7-4668-BE54-9A1E7A4F7556}") = "DiceRoller", "Samples\DiceRoller\DiceRoller.csproj", "{CDF3AA38-F34F-4C71-A872-AC75FFA71A79}"
EndProject
Project("{9A19103F-16F7-4668-BE54-9A1E7A4F7556}") = "LoadRespondersFromAssembly", "Samples\LoadRespondersFromAssembly\LoadRespondersFromAssembly.csproj", "{DBC5EC20-B1A9-44F9-BC32-BC3A21551D87}"
EndProject
Project("{2150E333-8FDC-42A3-9474-1A3956D46DE8}") = "docs", "docs", "{3C878ED1-AF23-4D1E-B072-12D01EA3A175}"
	ProjectSection(SolutionItems) = preProject
		docs\config.wyam = docs\config.wyam
	EndProjectSection
EndProject
Project("{9A19103F-16F7-4668-BE54-9A1E7A4F7556}") = "Remora.Discord.Gateway.Tests", "Tests\Remora.Discord.Gateway.Tests\Remora.Discord.Gateway.Tests.csproj", "{C7FD32A5-C7A7-4F7E-9C96-C161780D08D6}"
EndProject
Project("{9A19103F-16F7-4668-BE54-9A1E7A4F7556}") = "Remora.Discord.Unstable", "Backend\Remora.Discord.Unstable\Remora.Discord.Unstable.csproj", "{2DAC9E24-AB35-45E3-9C5B-5CE3DA4E4FE5}"
EndProject
Project("{9A19103F-16F7-4668-BE54-9A1E7A4F7556}") = "Remora.Discord.Commands", "Remora.Discord.Commands\Remora.Discord.Commands.csproj", "{B443C36D-5328-4031-818C-15FE47552E84}"
EndProject
Project("{9A19103F-16F7-4668-BE54-9A1E7A4F7556}") = "Remora.Discord.Hosting", "Remora.Discord.Hosting\Remora.Discord.Hosting.csproj", "{D4A75EA2-4B11-4B71-954A-C4BA18C93735}"
EndProject
Project("{9A19103F-16F7-4668-BE54-9A1E7A4F7556}") = "SlashCommands", "Samples\SlashCommands\SlashCommands.csproj", "{CC9E32B4-34F0-4C48-AA24-7CC78400DE9D}"
EndProject
Project("{9A19103F-16F7-4668-BE54-9A1E7A4F7556}") = "Remora.Discord.Commands.Tests", "Tests\Remora.Discord.Commands.Tests\Remora.Discord.Commands.Tests.csproj", "{48DFFD60-CD36-47C7-90E4-A82D8EB0B1A0}"
EndProject
Project("{9A19103F-16F7-4668-BE54-9A1E7A4F7556}") = "Remora.Discord.Caching", "Backend\Remora.Discord.Caching\Remora.Discord.Caching.csproj", "{7B902015-C8E7-496C-8030-5094CCC93800}"
EndProject
Project("{9A19103F-16F7-4668-BE54-9A1E7A4F7556}") = "Caching", "Samples\Caching\Caching.csproj", "{E8B6A214-6F37-48E7-8E10-77C1DBD7DF09}"
EndProject
Project("{2150E333-8FDC-42A3-9474-1A3956D46DE8}") = "Tools", "Tools", "{83B6FEDE-25DF-4996-9B5E-A482D93C3CC7}"
EndProject
Project("{9A19103F-16F7-4668-BE54-9A1E7A4F7556}") = "Remora.Discord.SensitiveDataScrubber", "Tools\Remora.Discord.SensitiveDataScrubber\Remora.Discord.SensitiveDataScrubber.csproj", "{F3436707-8B8C-4B6B-93E1-A19A5C8F6BBC}"
EndProject
Project("{9A19103F-16F7-4668-BE54-9A1E7A4F7556}") = "Autocomplete", "Samples\Autocomplete\Autocomplete.csproj", "{D1FBE943-B854-456B-9C3B-C49EAB24AE61}"
EndProject
Project("{FAE04EC0-301F-11D3-BF4B-00C04F79EFBC}") = "Remora.Discord.Extensions", "Remora.Discord.Extensions\Remora.Discord.Extensions.csproj", "{657AF34F-5B19-461E-AC63-987F4E24CE1E}"
EndProject
Project("{9A19103F-16F7-4668-BE54-9A1E7A4F7556}") = "Remora.Discord.Extensions.Tests", "Tests\Remora.Discord.Extensions.Tests\Remora.Discord.Extensions.Tests.csproj", "{9F9B3DFD-891A-4823-9BF7-E58CC52989C5}"
EndProject
Project("{FAE04EC0-301F-11D3-BF4B-00C04F79EFBC}") = "Remora.Discord.Interactivity", "Remora.Discord.Interactivity\Remora.Discord.Interactivity.csproj", "{D849162B-730A-44DA-9E74-6D3AE6FE8E27}"
EndProject
Project("{FAE04EC0-301F-11D3-BF4B-00C04F79EFBC}") = "Remora.Discord.Pagination", "Remora.Discord.Pagination\Remora.Discord.Pagination.csproj", "{04CE6F45-7822-4562-A630-39A559989A67}"
EndProject
Project("{FAE04EC0-301F-11D3-BF4B-00C04F79EFBC}") = "Interactivity", "Samples\Interactivity\Interactivity.csproj", "{6F2019A8-178E-4E2B-AD0D-B6AA4768BF17}"
EndProject
Project("{FAE04EC0-301F-11D3-BF4B-00C04F79EFBC}") = "Localization", "Samples\Localization\Localization.csproj", "{ED733DB7-DD2C-4997-B065-F3AF6CF1B824}"
EndProject
Project("{FAE04EC0-301F-11D3-BF4B-00C04F79EFBC}") = "Remora.Discord.Caching.Redis", "Backend\Remora.Discord.Caching.Redis\Remora.Discord.Caching.Redis.csproj", "{A6767938-4845-4B1A-B6D2-71C8AB5028F9}"
EndProject
Project("{FAE04EC0-301F-11D3-BF4B-00C04F79EFBC}") = "Remora.Discord.Caching.Abstractions", "Backend\Remora.Discord.Caching.Abstractions\Remora.Discord.Caching.Abstractions.csproj", "{5DA36554-2D99-43B4-AFE7-AA15E1236C0E}"
EndProject
Project("{FAE04EC0-301F-11D3-BF4B-00C04F79EFBC}") = "Remora.Discord.Interactivity.Tests", "Tests\Remora.Discord.Interactivity.Tests\Remora.Discord.Interactivity.Tests.csproj", "{E5CCCA86-8F60-4A6B-AE12-AE6AD93B7236}"
EndProject
Project("{2150E333-8FDC-42A3-9474-1A3956D46DE8}") = "workflows", "workflows", "{20343230-657D-48BC-9020-D194670B9B0A}"
	ProjectSection(SolutionItems) = preProject
		.github\workflows\dotnet.yml = .github\workflows\dotnet.yml
		.github\workflows\wyam.yml = .github\workflows\wyam.yml
	EndProjectSection
EndProject
Global
	GlobalSection(SolutionConfigurationPlatforms) = preSolution
		Debug|Any CPU = Debug|Any CPU
		Release|Any CPU = Release|Any CPU
	EndGlobalSection
	GlobalSection(ProjectConfigurationPlatforms) = postSolution
		{B8FA3A48-AE81-4B84-97C6-2527CA5C4205}.Debug|Any CPU.ActiveCfg = Debug|Any CPU
		{B8FA3A48-AE81-4B84-97C6-2527CA5C4205}.Debug|Any CPU.Build.0 = Debug|Any CPU
		{B8FA3A48-AE81-4B84-97C6-2527CA5C4205}.Release|Any CPU.ActiveCfg = Release|Any CPU
		{B8FA3A48-AE81-4B84-97C6-2527CA5C4205}.Release|Any CPU.Build.0 = Release|Any CPU
		{DBCF23B4-9375-4ECF-AFCF-6E5AFCEF0748}.Debug|Any CPU.ActiveCfg = Debug|Any CPU
		{DBCF23B4-9375-4ECF-AFCF-6E5AFCEF0748}.Debug|Any CPU.Build.0 = Debug|Any CPU
		{DBCF23B4-9375-4ECF-AFCF-6E5AFCEF0748}.Release|Any CPU.ActiveCfg = Release|Any CPU
		{DBCF23B4-9375-4ECF-AFCF-6E5AFCEF0748}.Release|Any CPU.Build.0 = Release|Any CPU
		{6BE67D97-794D-4E32-B58A-18755F5C4E38}.Debug|Any CPU.ActiveCfg = Debug|Any CPU
		{6BE67D97-794D-4E32-B58A-18755F5C4E38}.Debug|Any CPU.Build.0 = Debug|Any CPU
		{6BE67D97-794D-4E32-B58A-18755F5C4E38}.Release|Any CPU.ActiveCfg = Release|Any CPU
		{6BE67D97-794D-4E32-B58A-18755F5C4E38}.Release|Any CPU.Build.0 = Release|Any CPU
		{B3AEB4DB-6245-4D03-8D5F-3B835D432448}.Debug|Any CPU.ActiveCfg = Debug|Any CPU
		{B3AEB4DB-6245-4D03-8D5F-3B835D432448}.Debug|Any CPU.Build.0 = Debug|Any CPU
		{B3AEB4DB-6245-4D03-8D5F-3B835D432448}.Release|Any CPU.ActiveCfg = Release|Any CPU
		{B3AEB4DB-6245-4D03-8D5F-3B835D432448}.Release|Any CPU.Build.0 = Release|Any CPU
		{4C56EFE8-1CB5-4CFA-9F05-8ABAF84D8006}.Debug|Any CPU.ActiveCfg = Debug|Any CPU
		{4C56EFE8-1CB5-4CFA-9F05-8ABAF84D8006}.Debug|Any CPU.Build.0 = Debug|Any CPU
		{4C56EFE8-1CB5-4CFA-9F05-8ABAF84D8006}.Release|Any CPU.ActiveCfg = Release|Any CPU
		{4C56EFE8-1CB5-4CFA-9F05-8ABAF84D8006}.Release|Any CPU.Build.0 = Release|Any CPU
		{BECC5850-8DA7-42B7-9F02-F3DF1CF31791}.Debug|Any CPU.ActiveCfg = Debug|Any CPU
		{BECC5850-8DA7-42B7-9F02-F3DF1CF31791}.Debug|Any CPU.Build.0 = Debug|Any CPU
		{BECC5850-8DA7-42B7-9F02-F3DF1CF31791}.Release|Any CPU.ActiveCfg = Release|Any CPU
		{BECC5850-8DA7-42B7-9F02-F3DF1CF31791}.Release|Any CPU.Build.0 = Release|Any CPU
		{2BFF39E1-7B69-4601-BE2B-1F61A1B3598D}.Debug|Any CPU.ActiveCfg = Debug|Any CPU
		{2BFF39E1-7B69-4601-BE2B-1F61A1B3598D}.Debug|Any CPU.Build.0 = Debug|Any CPU
		{2BFF39E1-7B69-4601-BE2B-1F61A1B3598D}.Release|Any CPU.ActiveCfg = Release|Any CPU
		{2BFF39E1-7B69-4601-BE2B-1F61A1B3598D}.Release|Any CPU.Build.0 = Release|Any CPU
		{ED960998-F9BD-4250-A40F-9B968DD499C0}.Debug|Any CPU.ActiveCfg = Debug|Any CPU
		{ED960998-F9BD-4250-A40F-9B968DD499C0}.Debug|Any CPU.Build.0 = Debug|Any CPU
		{ED960998-F9BD-4250-A40F-9B968DD499C0}.Release|Any CPU.ActiveCfg = Release|Any CPU
		{ED960998-F9BD-4250-A40F-9B968DD499C0}.Release|Any CPU.Build.0 = Release|Any CPU
		{ED3F243E-F8C4-4C23-A12A-627280A08502}.Debug|Any CPU.ActiveCfg = Debug|Any CPU
		{ED3F243E-F8C4-4C23-A12A-627280A08502}.Debug|Any CPU.Build.0 = Debug|Any CPU
		{ED3F243E-F8C4-4C23-A12A-627280A08502}.Release|Any CPU.ActiveCfg = Release|Any CPU
		{ED3F243E-F8C4-4C23-A12A-627280A08502}.Release|Any CPU.Build.0 = Release|Any CPU
		{CDF3AA38-F34F-4C71-A872-AC75FFA71A79}.Debug|Any CPU.ActiveCfg = Debug|Any CPU
		{CDF3AA38-F34F-4C71-A872-AC75FFA71A79}.Debug|Any CPU.Build.0 = Debug|Any CPU
		{CDF3AA38-F34F-4C71-A872-AC75FFA71A79}.Release|Any CPU.ActiveCfg = Release|Any CPU
		{CDF3AA38-F34F-4C71-A872-AC75FFA71A79}.Release|Any CPU.Build.0 = Release|Any CPU
		{DBC5EC20-B1A9-44F9-BC32-BC3A21551D87}.Debug|Any CPU.ActiveCfg = Debug|Any CPU
		{DBC5EC20-B1A9-44F9-BC32-BC3A21551D87}.Debug|Any CPU.Build.0 = Debug|Any CPU
		{DBC5EC20-B1A9-44F9-BC32-BC3A21551D87}.Release|Any CPU.ActiveCfg = Release|Any CPU
		{DBC5EC20-B1A9-44F9-BC32-BC3A21551D87}.Release|Any CPU.Build.0 = Release|Any CPU
		{C7FD32A5-C7A7-4F7E-9C96-C161780D08D6}.Debug|Any CPU.ActiveCfg = Debug|Any CPU
		{C7FD32A5-C7A7-4F7E-9C96-C161780D08D6}.Debug|Any CPU.Build.0 = Debug|Any CPU
		{C7FD32A5-C7A7-4F7E-9C96-C161780D08D6}.Release|Any CPU.ActiveCfg = Release|Any CPU
		{C7FD32A5-C7A7-4F7E-9C96-C161780D08D6}.Release|Any CPU.Build.0 = Release|Any CPU
		{2DAC9E24-AB35-45E3-9C5B-5CE3DA4E4FE5}.Debug|Any CPU.ActiveCfg = Debug|Any CPU
		{2DAC9E24-AB35-45E3-9C5B-5CE3DA4E4FE5}.Debug|Any CPU.Build.0 = Debug|Any CPU
		{2DAC9E24-AB35-45E3-9C5B-5CE3DA4E4FE5}.Release|Any CPU.ActiveCfg = Release|Any CPU
		{2DAC9E24-AB35-45E3-9C5B-5CE3DA4E4FE5}.Release|Any CPU.Build.0 = Release|Any CPU
		{B443C36D-5328-4031-818C-15FE47552E84}.Debug|Any CPU.ActiveCfg = Debug|Any CPU
		{B443C36D-5328-4031-818C-15FE47552E84}.Debug|Any CPU.Build.0 = Debug|Any CPU
		{B443C36D-5328-4031-818C-15FE47552E84}.Release|Any CPU.ActiveCfg = Release|Any CPU
		{B443C36D-5328-4031-818C-15FE47552E84}.Release|Any CPU.Build.0 = Release|Any CPU
		{D4A75EA2-4B11-4B71-954A-C4BA18C93735}.Debug|Any CPU.ActiveCfg = Debug|Any CPU
		{D4A75EA2-4B11-4B71-954A-C4BA18C93735}.Debug|Any CPU.Build.0 = Debug|Any CPU
		{D4A75EA2-4B11-4B71-954A-C4BA18C93735}.Release|Any CPU.ActiveCfg = Release|Any CPU
		{D4A75EA2-4B11-4B71-954A-C4BA18C93735}.Release|Any CPU.Build.0 = Release|Any CPU
		{CC9E32B4-34F0-4C48-AA24-7CC78400DE9D}.Debug|Any CPU.ActiveCfg = Debug|Any CPU
		{CC9E32B4-34F0-4C48-AA24-7CC78400DE9D}.Debug|Any CPU.Build.0 = Debug|Any CPU
		{CC9E32B4-34F0-4C48-AA24-7CC78400DE9D}.Release|Any CPU.ActiveCfg = Release|Any CPU
		{CC9E32B4-34F0-4C48-AA24-7CC78400DE9D}.Release|Any CPU.Build.0 = Release|Any CPU
		{48DFFD60-CD36-47C7-90E4-A82D8EB0B1A0}.Debug|Any CPU.ActiveCfg = Debug|Any CPU
		{48DFFD60-CD36-47C7-90E4-A82D8EB0B1A0}.Debug|Any CPU.Build.0 = Debug|Any CPU
		{48DFFD60-CD36-47C7-90E4-A82D8EB0B1A0}.Release|Any CPU.ActiveCfg = Release|Any CPU
		{48DFFD60-CD36-47C7-90E4-A82D8EB0B1A0}.Release|Any CPU.Build.0 = Release|Any CPU
		{7B902015-C8E7-496C-8030-5094CCC93800}.Debug|Any CPU.ActiveCfg = Debug|Any CPU
		{7B902015-C8E7-496C-8030-5094CCC93800}.Debug|Any CPU.Build.0 = Debug|Any CPU
		{7B902015-C8E7-496C-8030-5094CCC93800}.Release|Any CPU.ActiveCfg = Release|Any CPU
		{7B902015-C8E7-496C-8030-5094CCC93800}.Release|Any CPU.Build.0 = Release|Any CPU
		{E8B6A214-6F37-48E7-8E10-77C1DBD7DF09}.Debug|Any CPU.ActiveCfg = Debug|Any CPU
		{E8B6A214-6F37-48E7-8E10-77C1DBD7DF09}.Debug|Any CPU.Build.0 = Debug|Any CPU
		{E8B6A214-6F37-48E7-8E10-77C1DBD7DF09}.Release|Any CPU.ActiveCfg = Release|Any CPU
		{E8B6A214-6F37-48E7-8E10-77C1DBD7DF09}.Release|Any CPU.Build.0 = Release|Any CPU
		{F3436707-8B8C-4B6B-93E1-A19A5C8F6BBC}.Debug|Any CPU.ActiveCfg = Debug|Any CPU
		{F3436707-8B8C-4B6B-93E1-A19A5C8F6BBC}.Debug|Any CPU.Build.0 = Debug|Any CPU
		{F3436707-8B8C-4B6B-93E1-A19A5C8F6BBC}.Release|Any CPU.ActiveCfg = Release|Any CPU
		{F3436707-8B8C-4B6B-93E1-A19A5C8F6BBC}.Release|Any CPU.Build.0 = Release|Any CPU
		{D1FBE943-B854-456B-9C3B-C49EAB24AE61}.Debug|Any CPU.ActiveCfg = Debug|Any CPU
		{D1FBE943-B854-456B-9C3B-C49EAB24AE61}.Debug|Any CPU.Build.0 = Debug|Any CPU
		{D1FBE943-B854-456B-9C3B-C49EAB24AE61}.Release|Any CPU.ActiveCfg = Release|Any CPU
		{D1FBE943-B854-456B-9C3B-C49EAB24AE61}.Release|Any CPU.Build.0 = Release|Any CPU
		{D849162B-730A-44DA-9E74-6D3AE6FE8E27}.Debug|Any CPU.ActiveCfg = Debug|Any CPU
		{D849162B-730A-44DA-9E74-6D3AE6FE8E27}.Debug|Any CPU.Build.0 = Debug|Any CPU
		{D849162B-730A-44DA-9E74-6D3AE6FE8E27}.Release|Any CPU.ActiveCfg = Release|Any CPU
		{D849162B-730A-44DA-9E74-6D3AE6FE8E27}.Release|Any CPU.Build.0 = Release|Any CPU
		{04CE6F45-7822-4562-A630-39A559989A67}.Debug|Any CPU.ActiveCfg = Debug|Any CPU
		{04CE6F45-7822-4562-A630-39A559989A67}.Debug|Any CPU.Build.0 = Debug|Any CPU
		{04CE6F45-7822-4562-A630-39A559989A67}.Release|Any CPU.ActiveCfg = Release|Any CPU
		{04CE6F45-7822-4562-A630-39A559989A67}.Release|Any CPU.Build.0 = Release|Any CPU
		{657AF34F-5B19-461E-AC63-987F4E24CE1E}.Debug|Any CPU.ActiveCfg = Debug|Any CPU
		{657AF34F-5B19-461E-AC63-987F4E24CE1E}.Debug|Any CPU.Build.0 = Debug|Any CPU
		{657AF34F-5B19-461E-AC63-987F4E24CE1E}.Release|Any CPU.ActiveCfg = Release|Any CPU
		{657AF34F-5B19-461E-AC63-987F4E24CE1E}.Release|Any CPU.Build.0 = Release|Any CPU
		{9F9B3DFD-891A-4823-9BF7-E58CC52989C5}.Debug|Any CPU.ActiveCfg = Debug|Any CPU
		{9F9B3DFD-891A-4823-9BF7-E58CC52989C5}.Debug|Any CPU.Build.0 = Debug|Any CPU
		{9F9B3DFD-891A-4823-9BF7-E58CC52989C5}.Release|Any CPU.ActiveCfg = Release|Any CPU
		{9F9B3DFD-891A-4823-9BF7-E58CC52989C5}.Release|Any CPU.Build.0 = Release|Any CPU
		{6F2019A8-178E-4E2B-AD0D-B6AA4768BF17}.Debug|Any CPU.ActiveCfg = Debug|Any CPU
		{6F2019A8-178E-4E2B-AD0D-B6AA4768BF17}.Debug|Any CPU.Build.0 = Debug|Any CPU
		{6F2019A8-178E-4E2B-AD0D-B6AA4768BF17}.Release|Any CPU.ActiveCfg = Release|Any CPU
		{6F2019A8-178E-4E2B-AD0D-B6AA4768BF17}.Release|Any CPU.Build.0 = Release|Any CPU
		{ED733DB7-DD2C-4997-B065-F3AF6CF1B824}.Debug|Any CPU.ActiveCfg = Debug|Any CPU
		{ED733DB7-DD2C-4997-B065-F3AF6CF1B824}.Debug|Any CPU.Build.0 = Debug|Any CPU
		{ED733DB7-DD2C-4997-B065-F3AF6CF1B824}.Release|Any CPU.ActiveCfg = Release|Any CPU
		{ED733DB7-DD2C-4997-B065-F3AF6CF1B824}.Release|Any CPU.Build.0 = Release|Any CPU
		{A6767938-4845-4B1A-B6D2-71C8AB5028F9}.Debug|Any CPU.ActiveCfg = Debug|Any CPU
		{A6767938-4845-4B1A-B6D2-71C8AB5028F9}.Debug|Any CPU.Build.0 = Debug|Any CPU
		{A6767938-4845-4B1A-B6D2-71C8AB5028F9}.Release|Any CPU.ActiveCfg = Release|Any CPU
		{A6767938-4845-4B1A-B6D2-71C8AB5028F9}.Release|Any CPU.Build.0 = Release|Any CPU
		{5DA36554-2D99-43B4-AFE7-AA15E1236C0E}.Debug|Any CPU.ActiveCfg = Debug|Any CPU
		{5DA36554-2D99-43B4-AFE7-AA15E1236C0E}.Debug|Any CPU.Build.0 = Debug|Any CPU
		{5DA36554-2D99-43B4-AFE7-AA15E1236C0E}.Release|Any CPU.ActiveCfg = Release|Any CPU
		{5DA36554-2D99-43B4-AFE7-AA15E1236C0E}.Release|Any CPU.Build.0 = Release|Any CPU
		{E5CCCA86-8F60-4A6B-AE12-AE6AD93B7236}.Debug|Any CPU.ActiveCfg = Debug|Any CPU
		{E5CCCA86-8F60-4A6B-AE12-AE6AD93B7236}.Debug|Any CPU.Build.0 = Debug|Any CPU
		{E5CCCA86-8F60-4A6B-AE12-AE6AD93B7236}.Release|Any CPU.ActiveCfg = Release|Any CPU
		{E5CCCA86-8F60-4A6B-AE12-AE6AD93B7236}.Release|Any CPU.Build.0 = Release|Any CPU
	EndGlobalSection
	GlobalSection(SolutionProperties) = preSolution
		HideSolutionNode = FALSE
	EndGlobalSection
	GlobalSection(NestedProjects) = preSolution
		{DBCF23B4-9375-4ECF-AFCF-6E5AFCEF0748} = {26E93608-29BA-45C7-993A-AA24A49D6013}
		{6BE67D97-794D-4E32-B58A-18755F5C4E38} = {6E2D59EB-648D-4968-8A63-8D8E3813EC86}
		{B3AEB4DB-6245-4D03-8D5F-3B835D432448} = {26E93608-29BA-45C7-993A-AA24A49D6013}
		{4C56EFE8-1CB5-4CFA-9F05-8ABAF84D8006} = {26E93608-29BA-45C7-993A-AA24A49D6013}
		{BECC5850-8DA7-42B7-9F02-F3DF1CF31791} = {26E93608-29BA-45C7-993A-AA24A49D6013}
		{2BFF39E1-7B69-4601-BE2B-1F61A1B3598D} = {6E2D59EB-648D-4968-8A63-8D8E3813EC86}
		{ED960998-F9BD-4250-A40F-9B968DD499C0} = {D1A34922-E02F-492B-AEF5-9B34E81CE293}
		{A603F82C-7B4C-4583-A101-77E126B04874} = {F1A57014-71CE-4032-A652-01B7E35E14DB}
		{ED3F243E-F8C4-4C23-A12A-627280A08502} = {6E2D59EB-648D-4968-8A63-8D8E3813EC86}
		{CDF3AA38-F34F-4C71-A872-AC75FFA71A79} = {D1A34922-E02F-492B-AEF5-9B34E81CE293}
		{DBC5EC20-B1A9-44F9-BC32-BC3A21551D87} = {D1A34922-E02F-492B-AEF5-9B34E81CE293}
		{C7FD32A5-C7A7-4F7E-9C96-C161780D08D6} = {6E2D59EB-648D-4968-8A63-8D8E3813EC86}
		{2DAC9E24-AB35-45E3-9C5B-5CE3DA4E4FE5} = {26E93608-29BA-45C7-993A-AA24A49D6013}
		{CC9E32B4-34F0-4C48-AA24-7CC78400DE9D} = {D1A34922-E02F-492B-AEF5-9B34E81CE293}
		{48DFFD60-CD36-47C7-90E4-A82D8EB0B1A0} = {6E2D59EB-648D-4968-8A63-8D8E3813EC86}
		{7B902015-C8E7-496C-8030-5094CCC93800} = {26E93608-29BA-45C7-993A-AA24A49D6013}
		{E8B6A214-6F37-48E7-8E10-77C1DBD7DF09} = {D1A34922-E02F-492B-AEF5-9B34E81CE293}
		{F3436707-8B8C-4B6B-93E1-A19A5C8F6BBC} = {83B6FEDE-25DF-4996-9B5E-A482D93C3CC7}
		{D1FBE943-B854-456B-9C3B-C49EAB24AE61} = {D1A34922-E02F-492B-AEF5-9B34E81CE293}
		{9F9B3DFD-891A-4823-9BF7-E58CC52989C5} = {6E2D59EB-648D-4968-8A63-8D8E3813EC86}
		{6F2019A8-178E-4E2B-AD0D-B6AA4768BF17} = {D1A34922-E02F-492B-AEF5-9B34E81CE293}
		{ED733DB7-DD2C-4997-B065-F3AF6CF1B824} = {D1A34922-E02F-492B-AEF5-9B34E81CE293}
		{A6767938-4845-4B1A-B6D2-71C8AB5028F9} = {26E93608-29BA-45C7-993A-AA24A49D6013}
		{5DA36554-2D99-43B4-AFE7-AA15E1236C0E} = {26E93608-29BA-45C7-993A-AA24A49D6013}
		{E5CCCA86-8F60-4A6B-AE12-AE6AD93B7236} = {6E2D59EB-648D-4968-8A63-8D8E3813EC86}
		{20343230-657D-48BC-9020-D194670B9B0A} = {A603F82C-7B4C-4583-A101-77E126B04874}
	EndGlobalSection
	GlobalSection(ExtensibilityGlobals) = postSolution
		SolutionGuid = {02545F40-E06C-4956-A77D-02EB2D41A964}
	EndGlobalSection
EndGlobal
